
Microsoft Visual Studio Solution File, Format Version 12.00
# Visual Studio Version 17
VisualStudioVersion = 17.1.32414.318
MinimumVisualStudioVersion = 10.0.40219.1
Project("{FAE04EC0-301F-11D3-BF4B-00C04F79EFBC}") = "student0", "student0\student0.csproj", "{A13339A1-4965-40C8-B86A-044FF51DAD51}"
EndProject
Global
	GlobalSection(SolutionConfigurationPlatforms) = preSolution
		Debug|Any CPU = Debug|Any CPU
		Release|Any CPU = Release|Any CPU
	EndGlobalSection
	GlobalSection(ProjectConfigurationPlatforms) = postSolution
		{A13339A1-4965-40C8-B86A-044FF51DAD51}.Debug|Any CPU.ActiveCfg = Debug|Any CPU
		{A13339A1-4965-40C8-B86A-044FF51DAD51}.Debug|Any CPU.Build.0 = Debug|Any CPU
		{A13339A1-4965-40C8-B86A-044FF51DAD51}.Release|Any CPU.ActiveCfg = Release|Any CPU
		{A13339A1-4965-40C8-B86A-044FF51DAD51}.Release|Any CPU.Build.0 = Release|Any CPU
	EndGlobalSection
	GlobalSection(SolutionProperties) = preSolution
		HideSolutionNode = FALSE
	EndGlobalSection
	GlobalSection(ExtensibilityGlobals) = postSolution
		SolutionGuid = {9805F6DB-D359-4FA0-8189-7C77889D0E60}
	EndGlobalSection
EndGlobal
